// !$*UTF8*$!
{
	archiveVersion = 1;
	classes = {
	};
	objectVersion = 48;
	objects = {

/* Begin PBXBuildFile section */
		398504821F913308001B1BF7 /* AppDelegate.swift in Sources */ = {isa = PBXBuildFile; fileRef = 398504811F913308001B1BF7 /* AppDelegate.swift */; };
		398504841F913308001B1BF7 /* ViewController.swift in Sources */ = {isa = PBXBuildFile; fileRef = 398504831F913308001B1BF7 /* ViewController.swift */; };
		398504871F913308001B1BF7 /* Main.storyboard in Resources */ = {isa = PBXBuildFile; fileRef = 398504851F913308001B1BF7 /* Main.storyboard */; };
		398504891F913308001B1BF7 /* Assets.xcassets in Resources */ = {isa = PBXBuildFile; fileRef = 398504881F913308001B1BF7 /* Assets.xcassets */; };
		3985048C1F913308001B1BF7 /* LaunchScreen.storyboard in Resources */ = {isa = PBXBuildFile; fileRef = 3985048A1F913308001B1BF7 /* LaunchScreen.storyboard */; };
		398504951F9134CB001B1BF7 /* GoogleService-Info.plist in Resources */ = {isa = PBXBuildFile; fileRef = 398504941F9134C9001B1BF7 /* GoogleService-Info.plist */; };
		398504971F91378D001B1BF7 /* SignupViewController.swift in Sources */ = {isa = PBXBuildFile; fileRef = 398504961F91378D001B1BF7 /* SignupViewController.swift */; };
		39BEDD201F913D2200A3FE16 /* Auth.storyboard in Resources */ = {isa = PBXBuildFile; fileRef = 39BEDD1E1F913D2200A3FE16 /* Auth.storyboard */; };
		CC4E61573B6E2A30180917DA /* Pods_Firestore_Sampler.framework in Frameworks */ = {isa = PBXBuildFile; fileRef = F81951C0E97D4CE05639EDD3 /* Pods_Firestore_Sampler.framework */; };
/* End PBXBuildFile section */

/* Begin PBXFileReference section */
		16635A79E9FABE4D927A5226 /* Pods-Firestore-Sampler.release.xcconfig */ = {isa = PBXFileReference; includeInIndex = 1; lastKnownFileType = text.xcconfig; name = "Pods-Firestore-Sampler.release.xcconfig"; path = "Pods/Target Support Files/Pods-Firestore-Sampler/Pods-Firestore-Sampler.release.xcconfig"; sourceTree = "<group>"; };
		3985047E1F913308001B1BF7 /* Firestore-Sampler.app */ = {isa = PBXFileReference; explicitFileType = wrapper.application; includeInIndex = 0; path = "Firestore-Sampler.app"; sourceTree = BUILT_PRODUCTS_DIR; };
		398504811F913308001B1BF7 /* AppDelegate.swift */ = {isa = PBXFileReference; lastKnownFileType = sourcecode.swift; path = AppDelegate.swift; sourceTree = "<group>"; };
		398504831F913308001B1BF7 /* ViewController.swift */ = {isa = PBXFileReference; lastKnownFileType = sourcecode.swift; path = ViewController.swift; sourceTree = "<group>"; };
		398504861F913308001B1BF7 /* Base */ = {isa = PBXFileReference; lastKnownFileType = file.storyboard; name = Base; path = Base.lproj/Main.storyboard; sourceTree = "<group>"; };
		398504881F913308001B1BF7 /* Assets.xcassets */ = {isa = PBXFileReference; lastKnownFileType = folder.assetcatalog; path = Assets.xcassets; sourceTree = "<group>"; };
		3985048B1F913308001B1BF7 /* Base */ = {isa = PBXFileReference; lastKnownFileType = file.storyboard; name = Base; path = Base.lproj/LaunchScreen.storyboard; sourceTree = "<group>"; };
		3985048D1F913308001B1BF7 /* Info.plist */ = {isa = PBXFileReference; lastKnownFileType = text.plist.xml; path = Info.plist; sourceTree = "<group>"; };
		398504941F9134C9001B1BF7 /* GoogleService-Info.plist */ = {isa = PBXFileReference; lastKnownFileType = text.plist.xml; path = "GoogleService-Info.plist"; sourceTree = "<group>"; };
		398504961F91378D001B1BF7 /* SignupViewController.swift */ = {isa = PBXFileReference; lastKnownFileType = sourcecode.swift; path = SignupViewController.swift; sourceTree = "<group>"; };
		39BEDD1F1F913D2200A3FE16 /* Base */ = {isa = PBXFileReference; lastKnownFileType = file.storyboard; name = Base; path = Base.lproj/Auth.storyboard; sourceTree = "<group>"; };
		F7630EF01D8D9E5B1F571995 /* Pods-Firestore-Sampler.debug.xcconfig */ = {isa = PBXFileReference; includeInIndex = 1; lastKnownFileType = text.xcconfig; name = "Pods-Firestore-Sampler.debug.xcconfig"; path = "Pods/Target Support Files/Pods-Firestore-Sampler/Pods-Firestore-Sampler.debug.xcconfig"; sourceTree = "<group>"; };
		F81951C0E97D4CE05639EDD3 /* Pods_Firestore_Sampler.framework */ = {isa = PBXFileReference; explicitFileType = wrapper.framework; includeInIndex = 0; path = Pods_Firestore_Sampler.framework; sourceTree = BUILT_PRODUCTS_DIR; };
/* End PBXFileReference section */

/* Begin PBXFrameworksBuildPhase section */
		3985047B1F913308001B1BF7 /* Frameworks */ = {
			isa = PBXFrameworksBuildPhase;
			buildActionMask = 2147483647;
			files = (
				CC4E61573B6E2A30180917DA /* Pods_Firestore_Sampler.framework in Frameworks */,
			);
			runOnlyForDeploymentPostprocessing = 0;
		};
/* End PBXFrameworksBuildPhase section */

/* Begin PBXGroup section */
		398504751F913308001B1BF7 = {
			isa = PBXGroup;
			children = (
				398504801F913308001B1BF7 /* Firestore-Sampler */,
				3985047F1F913308001B1BF7 /* Products */,
				75277728399233B2ECB8EA01 /* Pods */,
				6A48F851B56FC76D68B8D621 /* Frameworks */,
			);
			sourceTree = "<group>";
		};
		3985047F1F913308001B1BF7 /* Products */ = {
			isa = PBXGroup;
			children = (
				3985047E1F913308001B1BF7 /* Firestore-Sampler.app */,
			);
			name = Products;
			sourceTree = "<group>";
		};
		398504801F913308001B1BF7 /* Firestore-Sampler */ = {
			isa = PBXGroup;
			children = (
				398504811F913308001B1BF7 /* AppDelegate.swift */,
				398504981F9137B7001B1BF7 /* Controllers */,
				39BEDD211F913D2D00A3FE16 /* Storyboards */,
				398504881F913308001B1BF7 /* Assets.xcassets */,
				3985048D1F913308001B1BF7 /* Info.plist */,
				398504941F9134C9001B1BF7 /* GoogleService-Info.plist */,
			);
			path = "Firestore-Sampler";
			sourceTree = "<group>";
		};
		398504981F9137B7001B1BF7 /* Controllers */ = {
			isa = PBXGroup;
			children = (
				398504961F91378D001B1BF7 /* SignupViewController.swift */,
				398504831F913308001B1BF7 /* ViewController.swift */,
			);
			path = Controllers;
			sourceTree = "<group>";
		};
		39BEDD211F913D2D00A3FE16 /* Storyboards */ = {
			isa = PBXGroup;
			children = (
				398504851F913308001B1BF7 /* Main.storyboard */,
				3985048A1F913308001B1BF7 /* LaunchScreen.storyboard */,
				39BEDD1E1F913D2200A3FE16 /* Auth.storyboard */,
			);
			path = Storyboards;
			sourceTree = "<group>";
		};
		6A48F851B56FC76D68B8D621 /* Frameworks */ = {
			isa = PBXGroup;
			children = (
				F81951C0E97D4CE05639EDD3 /* Pods_Firestore_Sampler.framework */,
			);
			name = Frameworks;
			sourceTree = "<group>";
		};
		75277728399233B2ECB8EA01 /* Pods */ = {
			isa = PBXGroup;
			children = (
				F7630EF01D8D9E5B1F571995 /* Pods-Firestore-Sampler.debug.xcconfig */,
				16635A79E9FABE4D927A5226 /* Pods-Firestore-Sampler.release.xcconfig */,
			);
			name = Pods;
			sourceTree = "<group>";
		};
/* End PBXGroup section */

/* Begin PBXNativeTarget section */
		3985047D1F913308001B1BF7 /* Firestore-Sampler */ = {
			isa = PBXNativeTarget;
			buildConfigurationList = 398504901F913308001B1BF7 /* Build configuration list for PBXNativeTarget "Firestore-Sampler" */;
			buildPhases = (
				BAA1B0FDD555EC90E43BF99B /* [CP] Check Pods Manifest.lock */,
				3985047A1F913308001B1BF7 /* Sources */,
				3985047B1F913308001B1BF7 /* Frameworks */,
				3985047C1F913308001B1BF7 /* Resources */,
				5D75A4031A869E18791E5517 /* [CP] Embed Pods Frameworks */,
				5CFD7CEB5076C7BA9139D654 /* [CP] Copy Pods Resources */,
			);
			buildRules = (
			);
			dependencies = (
			);
			name = "Firestore-Sampler";
			productName = "Firestore-Sampler";
			productReference = 3985047E1F913308001B1BF7 /* Firestore-Sampler.app */;
			productType = "com.apple.product-type.application";
		};
/* End PBXNativeTarget section */

/* Begin PBXProject section */
		398504761F913308001B1BF7 /* Project object */ = {
			isa = PBXProject;
			attributes = {
				LastSwiftUpdateCheck = 0900;
				LastUpgradeCheck = 0900;
				ORGANIZATIONNAME = ShinokiRyosei;
				TargetAttributes = {
					3985047D1F913308001B1BF7 = {
						CreatedOnToolsVersion = 9.0;
						ProvisioningStyle = Automatic;
					};
				};
			};
			buildConfigurationList = 398504791F913308001B1BF7 /* Build configuration list for PBXProject "Firestore-Sampler" */;
			compatibilityVersion = "Xcode 8.0";
			developmentRegion = en;
			hasScannedForEncodings = 0;
			knownRegions = (
				en,
				Base,
			);
			mainGroup = 398504751F913308001B1BF7;
			productRefGroup = 3985047F1F913308001B1BF7 /* Products */;
			projectDirPath = "";
			projectRoot = "";
			targets = (
				3985047D1F913308001B1BF7 /* Firestore-Sampler */,
			);
		};
/* End PBXProject section */

/* Begin PBXResourcesBuildPhase section */
		3985047C1F913308001B1BF7 /* Resources */ = {
			isa = PBXResourcesBuildPhase;
			buildActionMask = 2147483647;
			files = (
				3985048C1F913308001B1BF7 /* LaunchScreen.storyboard in Resources */,
				398504951F9134CB001B1BF7 /* GoogleService-Info.plist in Resources */,
				39BEDD201F913D2200A3FE16 /* Auth.storyboard in Resources */,
				398504891F913308001B1BF7 /* Assets.xcassets in Resources */,
				398504871F913308001B1BF7 /* Main.storyboard in Resources */,
			);
			runOnlyForDeploymentPostprocessing = 0;
		};
/* End PBXResourcesBuildPhase section */

/* Begin PBXShellScriptBuildPhase section */
		5CFD7CEB5076C7BA9139D654 /* [CP] Copy Pods Resources */ = {
			isa = PBXShellScriptBuildPhase;
			buildActionMask = 2147483647;
			files = (
			);
			inputPaths = (
			);
			name = "[CP] Copy Pods Resources";
			outputPaths = (
			);
			runOnlyForDeploymentPostprocessing = 0;
			shellPath = /bin/sh;
			shellScript = "\"${SRCROOT}/Pods/Target Support Files/Pods-Firestore-Sampler/Pods-Firestore-Sampler-resources.sh\"\n";
			showEnvVarsInLog = 0;
		};
		5D75A4031A869E18791E5517 /* [CP] Embed Pods Frameworks */ = {
			isa = PBXShellScriptBuildPhase;
			buildActionMask = 2147483647;
			files = (
			);
			inputPaths = (
			);
			name = "[CP] Embed Pods Frameworks";
			outputPaths = (
			);
			runOnlyForDeploymentPostprocessing = 0;
			shellPath = /bin/sh;
			shellScript = "\"${SRCROOT}/Pods/Target Support Files/Pods-Firestore-Sampler/Pods-Firestore-Sampler-frameworks.sh\"\n";
			showEnvVarsInLog = 0;
		};
		BAA1B0FDD555EC90E43BF99B /* [CP] Check Pods Manifest.lock */ = {
			isa = PBXShellScriptBuildPhase;
			buildActionMask = 2147483647;
			files = (
			);
			inputPaths = (
			);
			name = "[CP] Check Pods Manifest.lock";
			outputPaths = (
			);
			runOnlyForDeploymentPostprocessing = 0;
			shellPath = /bin/sh;
			shellScript = "diff \"${PODS_PODFILE_DIR_PATH}/Podfile.lock\" \"${PODS_ROOT}/Manifest.lock\" > /dev/null\nif [ $? != 0 ] ; then\n    # print error to STDERR\n    echo \"error: The sandbox is not in sync with the Podfile.lock. Run 'pod install' or update your CocoaPods installation.\" >&2\n    exit 1\nfi\n";
			showEnvVarsInLog = 0;
		};
/* End PBXShellScriptBuildPhase section */

/* Begin PBXSourcesBuildPhase section */
		3985047A1F913308001B1BF7 /* Sources */ = {
			isa = PBXSourcesBuildPhase;
			buildActionMask = 2147483647;
			files = (
				398504971F91378D001B1BF7 /* SignupViewController.swift in Sources */,
				398504841F913308001B1BF7 /* ViewController.swift in Sources */,
				398504821F913308001B1BF7 /* AppDelegate.swift in Sources */,
			);
			runOnlyForDeploymentPostprocessing = 0;
		};
/* End PBXSourcesBuildPhase section */

/* Begin PBXVariantGroup section */
		398504851F913308001B1BF7 /* Main.storyboard */ = {
			isa = PBXVariantGroup;
			children = (
				398504861F913308001B1BF7 /* Base */,
			);
			name = Main.storyboard;
			sourceTree = "<group>";
		};
		3985048A1F913308001B1BF7 /* LaunchScreen.storyboard */ = {
			isa = PBXVariantGroup;
			children = (
				3985048B1F913308001B1BF7 /* Base */,
			);
			name = LaunchScreen.storyboard;
			sourceTree = "<group>";
		};
		39BEDD1E1F913D2200A3FE16 /* Auth.storyboard */ = {
			isa = PBXVariantGroup;
			children = (
				39BEDD1F1F913D2200A3FE16 /* Base */,
			);
			name = Auth.storyboard;
			sourceTree = "<group>";
		};
/* End PBXVariantGroup section */

/* Begin XCBuildConfiguration section */
		3985048E1F913308001B1BF7 /* Debug */ = {
			isa = XCBuildConfiguration;
			buildSettings = {
				ALWAYS_SEARCH_USER_PATHS = NO;
				CLANG_ANALYZER_NONNULL = YES;
				CLANG_ANALYZER_NUMBER_OBJECT_CONVERSION = YES_AGGRESSIVE;
				CLANG_CXX_LANGUAGE_STANDARD = "gnu++14";
				CLANG_CXX_LIBRARY = "libc++";
				CLANG_ENABLE_MODULES = YES;
				CLANG_ENABLE_OBJC_ARC = YES;
				CLANG_WARN_BLOCK_CAPTURE_AUTORELEASING = YES;
				CLANG_WARN_BOOL_CONVERSION = YES;
				CLANG_WARN_COMMA = YES;
				CLANG_WARN_CONSTANT_CONVERSION = YES;
				CLANG_WARN_DIRECT_OBJC_ISA_USAGE = YES_ERROR;
				CLANG_WARN_DOCUMENTATION_COMMENTS = YES;
				CLANG_WARN_EMPTY_BODY = YES;
				CLANG_WARN_ENUM_CONVERSION = YES;
				CLANG_WARN_INFINITE_RECURSION = YES;
				CLANG_WARN_INT_CONVERSION = YES;
				CLANG_WARN_NON_LITERAL_NULL_CONVERSION = YES;
				CLANG_WARN_OBJC_LITERAL_CONVERSION = YES;
				CLANG_WARN_OBJC_ROOT_CLASS = YES_ERROR;
				CLANG_WARN_RANGE_LOOP_ANALYSIS = YES;
				CLANG_WARN_STRICT_PROTOTYPES = YES;
				CLANG_WARN_SUSPICIOUS_MOVE = YES;
				CLANG_WARN_UNGUARDED_AVAILABILITY = YES_AGGRESSIVE;
				CLANG_WARN_UNREACHABLE_CODE = YES;
				CLANG_WARN__DUPLICATE_METHOD_MATCH = YES;
				CODE_SIGN_IDENTITY = "iPhone Developer";
				COPY_PHASE_STRIP = NO;
				DEBUG_INFORMATION_FORMAT = dwarf;
				ENABLE_STRICT_OBJC_MSGSEND = YES;
				ENABLE_TESTABILITY = YES;
				GCC_C_LANGUAGE_STANDARD = gnu11;
				GCC_DYNAMIC_NO_PIC = NO;
				GCC_NO_COMMON_BLOCKS = YES;
				GCC_OPTIMIZATION_LEVEL = 0;
				GCC_PREPROCESSOR_DEFINITIONS = (
					"DEBUG=1",
					"$(inherited)",
				);
				GCC_WARN_64_TO_32_BIT_CONVERSION = YES;
				GCC_WARN_ABOUT_RETURN_TYPE = YES_ERROR;
				GCC_WARN_UNDECLARED_SELECTOR = YES;
				GCC_WARN_UNINITIALIZED_AUTOS = YES_AGGRESSIVE;
				GCC_WARN_UNUSED_FUNCTION = YES;
				GCC_WARN_UNUSED_VARIABLE = YES;
				IPHONEOS_DEPLOYMENT_TARGET = 11.0;
				MTL_ENABLE_DEBUG_INFO = YES;
				ONLY_ACTIVE_ARCH = YES;
				SDKROOT = iphoneos;
				SWIFT_ACTIVE_COMPILATION_CONDITIONS = DEBUG;
				SWIFT_OPTIMIZATION_LEVEL = "-Onone";
			};
			name = Debug;
		};
		3985048F1F913308001B1BF7 /* Release */ = {
			isa = XCBuildConfiguration;
			buildSettings = {
				ALWAYS_SEARCH_USER_PATHS = NO;
				CLANG_ANALYZER_NONNULL = YES;
				CLANG_ANALYZER_NUMBER_OBJECT_CONVERSION = YES_AGGRESSIVE;
				CLANG_CXX_LANGUAGE_STANDARD = "gnu++14";
				CLANG_CXX_LIBRARY = "libc++";
				CLANG_ENABLE_MODULES = YES;
				CLANG_ENABLE_OBJC_ARC = YES;
				CLANG_WARN_BLOCK_CAPTURE_AUTORELEASING = YES;
				CLANG_WARN_BOOL_CONVERSION = YES;
				CLANG_WARN_COMMA = YES;
				CLANG_WARN_CONSTANT_CONVERSION = YES;
				CLANG_WARN_DIRECT_OBJC_ISA_USAGE = YES_ERROR;
				CLANG_WARN_DOCUMENTATION_COMMENTS = YES;
				CLANG_WARN_EMPTY_BODY = YES;
				CLANG_WARN_ENUM_CONVERSION = YES;
				CLANG_WARN_INFINITE_RECURSION = YES;
				CLANG_WARN_INT_CONVERSION = YES;
				CLANG_WARN_NON_LITERAL_NULL_CONVERSION = YES;
				CLANG_WARN_OBJC_LITERAL_CONVERSION = YES;
				CLANG_WARN_OBJC_ROOT_CLASS = YES_ERROR;
				CLANG_WARN_RANGE_LOOP_ANALYSIS = YES;
				CLANG_WARN_STRICT_PROTOTYPES = YES;
				CLANG_WARN_SUSPICIOUS_MOVE = YES;
				CLANG_WARN_UNGUARDED_AVAILABILITY = YES_AGGRESSIVE;
				CLANG_WARN_UNREACHABLE_CODE = YES;
				CLANG_WARN__DUPLICATE_METHOD_MATCH = YES;
				CODE_SIGN_IDENTITY = "iPhone Developer";
				COPY_PHASE_STRIP = NO;
				DEBUG_INFORMATION_FORMAT = "dwarf-with-dsym";
				ENABLE_NS_ASSERTIONS = NO;
				ENABLE_STRICT_OBJC_MSGSEND = YES;
				GCC_C_LANGUAGE_STANDARD = gnu11;
				GCC_NO_COMMON_BLOCKS = YES;
				GCC_WARN_64_TO_32_BIT_CONVERSION = YES;
				GCC_WARN_ABOUT_RETURN_TYPE = YES_ERROR;
				GCC_WARN_UNDECLARED_SELECTOR = YES;
				GCC_WARN_UNINITIALIZED_AUTOS = YES_AGGRESSIVE;
				GCC_WARN_UNUSED_FUNCTION = YES;
				GCC_WARN_UNUSED_VARIABLE = YES;
				IPHONEOS_DEPLOYMENT_TARGET = 11.0;
				MTL_ENABLE_DEBUG_INFO = NO;
				SDKROOT = iphoneos;
				SWIFT_OPTIMIZATION_LEVEL = "-Owholemodule";
				VALIDATE_PRODUCT = YES;
			};
			name = Release;
		};
		398504911F913308001B1BF7 /* Debug */ = {
			isa = XCBuildConfiguration;
			baseConfigurationReference = F7630EF01D8D9E5B1F571995 /* Pods-Firestore-Sampler.debug.xcconfig */;
			buildSettings = {
				ASSETCATALOG_COMPILER_APPICON_NAME = AppIcon;
				CODE_SIGN_STYLE = Automatic;
				DEVELOPMENT_TEAM = SLHYE76MHB;
				INFOPLIST_FILE = "Firestore-Sampler/Info.plist";
				LD_RUNPATH_SEARCH_PATHS = "$(inherited) @executable_path/Frameworks";
				PRODUCT_BUNDLE_IDENTIFIER = "tv.shinoki.Firestore-Sampler";
				PRODUCT_NAME = "$(TARGET_NAME)";
				SWIFT_VERSION = 4.0;
				TARGETED_DEVICE_FAMILY = "1,2";
			};
			name = Debug;
		};
		398504921F913308001B1BF7 /* Release */ = {
			isa = XCBuildConfiguration;
			baseConfigurationReference = 16635A79E9FABE4D927A5226 /* Pods-Firestore-Sampler.release.xcconfig */;
			buildSettings = {
				ASSETCATALOG_COMPILER_APPICON_NAME = AppIcon;
				CODE_SIGN_STYLE = Automatic;
				DEVELOPMENT_TEAM = SLHYE76MHB;
				INFOPLIST_FILE = "Firestore-Sampler/Info.plist";
				LD_RUNPATH_SEARCH_PATHS = "$(inherited) @executable_path/Frameworks";
				PRODUCT_BUNDLE_IDENTIFIER = "tv.shinoki.Firestore-Sampler";
				PRODUCT_NAME = "$(TARGET_NAME)";
				SWIFT_VERSION = 4.0;
				TARGETED_DEVICE_FAMILY = "1,2";
			};
			name = Release;
		};
/* End XCBuildConfiguration section */

/* Begin XCConfigurationList section */
		398504791F913308001B1BF7 /* Build configuration list for PBXProject "Firestore-Sampler" */ = {
			isa = XCConfigurationList;
			buildConfigurations = (
				3985048E1F913308001B1BF7 /* Debug */,
				3985048F1F913308001B1BF7 /* Release */,
			);
			defaultConfigurationIsVisible = 0;
			defaultConfigurationName = Release;
		};
		398504901F913308001B1BF7 /* Build configuration list for PBXNativeTarget "Firestore-Sampler" */ = {
			isa = XCConfigurationList;
			buildConfigurations = (
				398504911F913308001B1BF7 /* Debug */,
				398504921F913308001B1BF7 /* Release */,
			);
			defaultConfigurationIsVisible = 0;
			defaultConfigurationName = Release;
		};
/* End XCConfigurationList section */
	};
	rootObject = 398504761F913308001B1BF7 /* Project object */;
}
